
Microsoft Visual Studio Solution File, Format Version 12.00
# Visual Studio Version 16
VisualStudioVersion = 16.0.33927.289
MinimumVisualStudioVersion = 10.0.40219.1
Project("{2150E333-8FDC-42A3-9474-1A3956D46DE8}") = "Task0", "Task0", "{7358273B-8494-40A2-996C-059C1D6583BE}"
EndProject
Project("{FAE04EC0-301F-11D3-BF4B-00C04F79EFBC}") = "Tyuiu.ShabukovDV.Sprint1.Task0.V0", "Tyuiu.ShabukovDV.Sprint1.Task0.V0\Tyuiu.ShabukovDV.Sprint1.Task0.V0.csproj", "{6B9A64CD-ADEE-4D28-BEA5-3BEAFEB5303A}"
EndProject
Project("{FAE04EC0-301F-11D3-BF4B-00C04F79EFBC}") = "Tyuiu.ShabukovDV.Sprint1.Task0.V0.Lib", "Tyuiu.ShabukovDV.Sprint1.Task0.V0.Lib\Tyuiu.ShabukovDV.Sprint1.Task0.V0.Lib.csproj", "{BB13E3D6-A65E-4E68-A677-DA38D4270FF2}"
EndProject
Project("{FAE04EC0-301F-11D3-BF4B-00C04F79EFBC}") = "Tyuiu.ShabukovDV.Sprint1.Task0.V0.Test", "Tyuiu.ShabukovDV.Sprint1.Task0.V0.Test\Tyuiu.ShabukovDV.Sprint1.Task0.V0.Test.csproj", "{2F0F4A44-FE6D-4C13-AA7E-256ECBF24A85}"
EndProject
Project("{2150E333-8FDC-42A3-9474-1A3956D46DE8}") = "Task1", "Task1", "{7F658035-5519-4A51-97C9-A2E76C6909B7}"
EndProject
Project("{FAE04EC0-301F-11D3-BF4B-00C04F79EFBC}") = "Tyuiu.ShabukovDV.Sprint1.Task1.V0", "Tyuiu.ShabukovDV.Sprint1.Task1.V0\Tyuiu.ShabukovDV.Sprint1.Task1.V0.csproj", "{6C6B7602-4084-4A81-A4EF-19B95B86BB90}"
EndProject
Project("{FAE04EC0-301F-11D3-BF4B-00C04F79EFBC}") = "Tyuiu.ShabukovDV.Sprint1.Task1.V0.Test", "Tyuiu.ShabukovDV.Sprint1.Task1.V0.Test\Tyuiu.ShabukovDV.Sprint1.Task1.V0.Test.csproj", "{214459C6-079E-42F9-B96E-C63B6481A611}"
EndProject
Project("{FAE04EC0-301F-11D3-BF4B-00C04F79EFBC}") = "Tyuiu.ShabukovDV.Sprint1.Task1.V0.Lib", "Tyuiu.ShabukovDV.Sprint1.Task1.V0.Lib\Tyuiu.ShabukovDV.Sprint1.Task1.V0.Lib.csproj", "{CA4163D3-F74B-4804-8FC8-6087CF83A0E6}"
EndProject
Project("{2150E333-8FDC-42A3-9474-1A3956D46DE8}") = "Task2", "Task2", "{B2891805-C353-4B50-8FE9-F656284C6AE7}"
EndProject
Project("{FAE04EC0-301F-11D3-BF4B-00C04F79EFBC}") = "Tyuiu.ShabukovDV.Sprint1.Task2.V0", "Tyuiu.ShabukovDV.Sprint1.Task2.V0\Tyuiu.ShabukovDV.Sprint1.Task2.V0.csproj", "{3C121912-344C-4EA0-A27F-A55116AD99D0}"
EndProject
Project("{FAE04EC0-301F-11D3-BF4B-00C04F79EFBC}") = "Tyuiu.ShabukovDV.Sprint1.Task2.V0.Lib", "Tyuiu.ShabukovDV.Sprint1.Task2.V0.Lib\Tyuiu.ShabukovDV.Sprint1.Task2.V0.Lib.csproj", "{8AADC704-83CD-44F3-A71A-4CCBE0D32A8E}"
EndProject
Project("{FAE04EC0-301F-11D3-BF4B-00C04F79EFBC}") = "Tyuiu.ShabukovDV.Sprint1.Task2.V0.Test", "Tyuiu.ShabukovDV.Sprint1.Task2.V0.Test\Tyuiu.ShabukovDV.Sprint1.Task2.V0.Test.csproj", "{0DD61CDF-4555-4FBE-8891-65C6275436FE}"
EndProject
Project("{2150E333-8FDC-42A3-9474-1A3956D46DE8}") = "Task3", "Task3", "{DD60C445-0CD4-423C-BB5D-FB7047817505}"
EndProject
Project("{FAE04EC0-301F-11D3-BF4B-00C04F79EFBC}") = "Tyuiu.ShabukovDV.Sprint1.Task3.V0", "Tyuiu.ShabukovDV.Sprint1.Task3.V0\Tyuiu.ShabukovDV.Sprint1.Task3.V0.csproj", "{2FA408F6-3288-46D6-8DBB-4894504AB214}"
EndProject
Project("{FAE04EC0-301F-11D3-BF4B-00C04F79EFBC}") = "Tyuiu.ShabukovDV.Sprint1.Task3.V0.Test", "Tyuiu.ShabukovDV.Sprint1.Task3.V0.Test\Tyuiu.ShabukovDV.Sprint1.Task3.V0.Test.csproj", "{91F338C4-73B5-4A3A-940A-01E8B4F2A855}"
EndProject
Project("{FAE04EC0-301F-11D3-BF4B-00C04F79EFBC}") = "Tyuiu.ShabukovDV.Sprint1.Task3.V0.Lib", "Tyuiu.ShabukovDV.Sprint1.Task3.V0.Lib\Tyuiu.ShabukovDV.Sprint1.Task3.V0.Lib.csproj", "{8C8798E0-EECC-4E1B-9E09-1B45384DF684}"
EndProject
Project("{2150E333-8FDC-42A3-9474-1A3956D46DE8}") = "Task4", "Task4", "{DDA56ED1-D682-4854-8227-5F04F867E4FF}"
EndProject
Project("{FAE04EC0-301F-11D3-BF4B-00C04F79EFBC}") = "Tyuiu.ShabukovDV.Sprint1.Task4.V0", "Tyuiu.ShabukovDV.Sprint1.Task4.V0\Tyuiu.ShabukovDV.Sprint1.Task4.V0.csproj", "{7B09F517-8B38-4BCC-90A1-8DAFBBD2C8C1}"
EndProject
Project("{FAE04EC0-301F-11D3-BF4B-00C04F79EFBC}") = "Tyuiu.ShabukovDV.Sprint1.Task4.V0.Lib", "Tyuiu.ShabukovDV.Sprint1.Task4.V0.Lib\Tyuiu.ShabukovDV.Sprint1.Task4.V0.Lib.csproj", "{E2304047-96FB-450A-8625-400E139E0DED}"
EndProject
Project("{FAE04EC0-301F-11D3-BF4B-00C04F79EFBC}") = "Tyuiu.ShabukovDV.Sprint1.Task4.V0.Test", "Tyuiu.ShabukovDV.Sprint1.Task4.V0.Test\Tyuiu.ShabukovDV.Sprint1.Task4.V0.Test.csproj", "{9E71888B-581F-4465-9107-09202C512AB9}"
EndProject
Project("{2150E333-8FDC-42A3-9474-1A3956D46DE8}") = "Task5", "Task5", "{5AC72700-86D6-4F4E-A7F2-6EB3424D3DB0}"
EndProject
Project("{FAE04EC0-301F-11D3-BF4B-00C04F79EFBC}") = "Tyuiu.ShabukovDV.Sprint1.Task5.V7", "Tyuiu.ShabukovDV.Sprint1.Task5.V7\Tyuiu.ShabukovDV.Sprint1.Task5.V7.csproj", "{7D56B90D-F4F7-4548-AFA2-62C654F6C5D0}"
EndProject
Project("{FAE04EC0-301F-11D3-BF4B-00C04F79EFBC}") = "Tyuiu.ShabukovDV.Sprint1.Task5.V7.Test", "Tyuiu.ShabukovDV.Sprint1.Task5.V7.Test\Tyuiu.ShabukovDV.Sprint1.Task5.V7.Test.csproj", "{48C5FB7A-A72D-4A65-856A-D9EFCF465FAF}"
EndProject
Project("{FAE04EC0-301F-11D3-BF4B-00C04F79EFBC}") = "Tyuiu.ShabukovDV.Sprint1.Task5.V7.Lib", "Tyuiu.ShabukovDV.Sprint1.Task5.V7.Lib\Tyuiu.ShabukovDV.Sprint1.Task5.V7.Lib.csproj", "{B9C2909D-B9F2-41A9-841C-0832921055A5}"
EndProject
Project("{2150E333-8FDC-42A3-9474-1A3956D46DE8}") = "Task6", "Task6", "{61E9A9CE-72FB-4101-A5C4-BCBAD4ABBAD7}"
EndProject
Project("{FAE04EC0-301F-11D3-BF4B-00C04F79EFBC}") = "Tyuiu.ShabukovDV.Sprint1.Task6.V14", "Tyuiu.ShabukovDV.Sprint1.Task6.V14\Tyuiu.ShabukovDV.Sprint1.Task6.V14.csproj", "{6F3FDE84-2215-4D93-95BB-C9C711577843}"
EndProject
Project("{FAE04EC0-301F-11D3-BF4B-00C04F79EFBC}") = "Tyuiu.ShabukovDV.Sprint1.Task6.V14.Test", "Tyuiu.ShabukovDV.Sprint1.Task6.V14.Test\Tyuiu.ShabukovDV.Sprint1.Task6.V14.Test.csproj", "{B0D8D9AA-8C81-4277-BDEB-9A91C5938425}"
EndProject
Project("{FAE04EC0-301F-11D3-BF4B-00C04F79EFBC}") = "Tyuiu.ShabukovDV.Sprint1.Task6.V14.Lib", "Tyuiu.ShabukovDV.Sprint1.Task6.V14.Lib\Tyuiu.ShabukovDV.Sprint1.Task6.V14.Lib.csproj", "{D5DF4148-AF2F-4619-9BC2-E188AAE8A3D7}"
EndProject
Global
	GlobalSection(SolutionConfigurationPlatforms) = preSolution
		Debug|Any CPU = Debug|Any CPU
		Release|Any CPU = Release|Any CPU
	EndGlobalSection
	GlobalSection(ProjectConfigurationPlatforms) = postSolution
		{6B9A64CD-ADEE-4D28-BEA5-3BEAFEB5303A}.Debug|Any CPU.ActiveCfg = Debug|Any CPU
		{6B9A64CD-ADEE-4D28-BEA5-3BEAFEB5303A}.Debug|Any CPU.Build.0 = Debug|Any CPU
		{6B9A64CD-ADEE-4D28-BEA5-3BEAFEB5303A}.Release|Any CPU.ActiveCfg = Release|Any CPU
		{6B9A64CD-ADEE-4D28-BEA5-3BEAFEB5303A}.Release|Any CPU.Build.0 = Release|Any CPU
		{BB13E3D6-A65E-4E68-A677-DA38D4270FF2}.Debug|Any CPU.ActiveCfg = Debug|Any CPU
		{BB13E3D6-A65E-4E68-A677-DA38D4270FF2}.Debug|Any CPU.Build.0 = Debug|Any CPU
		{BB13E3D6-A65E-4E68-A677-DA38D4270FF2}.Release|Any CPU.ActiveCfg = Release|Any CPU
		{BB13E3D6-A65E-4E68-A677-DA38D4270FF2}.Release|Any CPU.Build.0 = Release|Any CPU
		{2F0F4A44-FE6D-4C13-AA7E-256ECBF24A85}.Debug|Any CPU.ActiveCfg = Debug|Any CPU
		{2F0F4A44-FE6D-4C13-AA7E-256ECBF24A85}.Debug|Any CPU.Build.0 = Debug|Any CPU
		{2F0F4A44-FE6D-4C13-AA7E-256ECBF24A85}.Release|Any CPU.ActiveCfg = Release|Any CPU
		{2F0F4A44-FE6D-4C13-AA7E-256ECBF24A85}.Release|Any CPU.Build.0 = Release|Any CPU
		{6C6B7602-4084-4A81-A4EF-19B95B86BB90}.Debug|Any CPU.ActiveCfg = Debug|Any CPU
		{6C6B7602-4084-4A81-A4EF-19B95B86BB90}.Debug|Any CPU.Build.0 = Debug|Any CPU
		{6C6B7602-4084-4A81-A4EF-19B95B86BB90}.Release|Any CPU.ActiveCfg = Release|Any CPU
		{6C6B7602-4084-4A81-A4EF-19B95B86BB90}.Release|Any CPU.Build.0 = Release|Any CPU
		{214459C6-079E-42F9-B96E-C63B6481A611}.Debug|Any CPU.ActiveCfg = Debug|Any CPU
		{214459C6-079E-42F9-B96E-C63B6481A611}.Debug|Any CPU.Build.0 = Debug|Any CPU
		{214459C6-079E-42F9-B96E-C63B6481A611}.Release|Any CPU.ActiveCfg = Release|Any CPU
		{214459C6-079E-42F9-B96E-C63B6481A611}.Release|Any CPU.Build.0 = Release|Any CPU
		{CA4163D3-F74B-4804-8FC8-6087CF83A0E6}.Debug|Any CPU.ActiveCfg = Debug|Any CPU
		{CA4163D3-F74B-4804-8FC8-6087CF83A0E6}.Debug|Any CPU.Build.0 = Debug|Any CPU
		{CA4163D3-F74B-4804-8FC8-6087CF83A0E6}.Release|Any CPU.ActiveCfg = Release|Any CPU
		{CA4163D3-F74B-4804-8FC8-6087CF83A0E6}.Release|Any CPU.Build.0 = Release|Any CPU
		{3C121912-344C-4EA0-A27F-A55116AD99D0}.Debug|Any CPU.ActiveCfg = Debug|Any CPU
		{3C121912-344C-4EA0-A27F-A55116AD99D0}.Debug|Any CPU.Build.0 = Debug|Any CPU
		{3C121912-344C-4EA0-A27F-A55116AD99D0}.Release|Any CPU.ActiveCfg = Release|Any CPU
		{3C121912-344C-4EA0-A27F-A55116AD99D0}.Release|Any CPU.Build.0 = Release|Any CPU
		{8AADC704-83CD-44F3-A71A-4CCBE0D32A8E}.Debug|Any CPU.ActiveCfg = Debug|Any CPU
		{8AADC704-83CD-44F3-A71A-4CCBE0D32A8E}.Debug|Any CPU.Build.0 = Debug|Any CPU
		{8AADC704-83CD-44F3-A71A-4CCBE0D32A8E}.Release|Any CPU.ActiveCfg = Release|Any CPU
		{8AADC704-83CD-44F3-A71A-4CCBE0D32A8E}.Release|Any CPU.Build.0 = Release|Any CPU
		{0DD61CDF-4555-4FBE-8891-65C6275436FE}.Debug|Any CPU.ActiveCfg = Debug|Any CPU
		{0DD61CDF-4555-4FBE-8891-65C6275436FE}.Debug|Any CPU.Build.0 = Debug|Any CPU
		{0DD61CDF-4555-4FBE-8891-65C6275436FE}.Release|Any CPU.ActiveCfg = Release|Any CPU
		{0DD61CDF-4555-4FBE-8891-65C6275436FE}.Release|Any CPU.Build.0 = Release|Any CPU
		{2FA408F6-3288-46D6-8DBB-4894504AB214}.Debug|Any CPU.ActiveCfg = Debug|Any CPU
		{2FA408F6-3288-46D6-8DBB-4894504AB214}.Debug|Any CPU.Build.0 = Debug|Any CPU
		{2FA408F6-3288-46D6-8DBB-4894504AB214}.Release|Any CPU.ActiveCfg = Release|Any CPU
		{2FA408F6-3288-46D6-8DBB-4894504AB214}.Release|Any CPU.Build.0 = Release|Any CPU
		{91F338C4-73B5-4A3A-940A-01E8B4F2A855}.Debug|Any CPU.ActiveCfg = Debug|Any CPU
		{91F338C4-73B5-4A3A-940A-01E8B4F2A855}.Debug|Any CPU.Build.0 = Debug|Any CPU
		{91F338C4-73B5-4A3A-940A-01E8B4F2A855}.Release|Any CPU.ActiveCfg = Release|Any CPU
		{91F338C4-73B5-4A3A-940A-01E8B4F2A855}.Release|Any CPU.Build.0 = Release|Any CPU
		{8C8798E0-EECC-4E1B-9E09-1B45384DF684}.Debug|Any CPU.ActiveCfg = Debug|Any CPU
		{8C8798E0-EECC-4E1B-9E09-1B45384DF684}.Debug|Any CPU.Build.0 = Debug|Any CPU
		{8C8798E0-EECC-4E1B-9E09-1B45384DF684}.Release|Any CPU.ActiveCfg = Release|Any CPU
		{8C8798E0-EECC-4E1B-9E09-1B45384DF684}.Release|Any CPU.Build.0 = Release|Any CPU
		{7B09F517-8B38-4BCC-90A1-8DAFBBD2C8C1}.Debug|Any CPU.ActiveCfg = Debug|Any CPU
		{7B09F517-8B38-4BCC-90A1-8DAFBBD2C8C1}.Debug|Any CPU.Build.0 = Debug|Any CPU
		{7B09F517-8B38-4BCC-90A1-8DAFBBD2C8C1}.Release|Any CPU.ActiveCfg = Release|Any CPU
		{7B09F517-8B38-4BCC-90A1-8DAFBBD2C8C1}.Release|Any CPU.Build.0 = Release|Any CPU
		{E2304047-96FB-450A-8625-400E139E0DED}.Debug|Any CPU.ActiveCfg = Debug|Any CPU
		{E2304047-96FB-450A-8625-400E139E0DED}.Debug|Any CPU.Build.0 = Debug|Any CPU
		{E2304047-96FB-450A-8625-400E139E0DED}.Release|Any CPU.ActiveCfg = Release|Any CPU
		{E2304047-96FB-450A-8625-400E139E0DED}.Release|Any CPU.Build.0 = Release|Any CPU
		{9E71888B-581F-4465-9107-09202C512AB9}.Debug|Any CPU.ActiveCfg = Debug|Any CPU
		{9E71888B-581F-4465-9107-09202C512AB9}.Debug|Any CPU.Build.0 = Debug|Any CPU
		{9E71888B-581F-4465-9107-09202C512AB9}.Release|Any CPU.ActiveCfg = Release|Any CPU
		{9E71888B-581F-4465-9107-09202C512AB9}.Release|Any CPU.Build.0 = Release|Any CPU
		{7D56B90D-F4F7-4548-AFA2-62C654F6C5D0}.Debug|Any CPU.ActiveCfg = Debug|Any CPU
		{7D56B90D-F4F7-4548-AFA2-62C654F6C5D0}.Debug|Any CPU.Build.0 = Debug|Any CPU
		{7D56B90D-F4F7-4548-AFA2-62C654F6C5D0}.Release|Any CPU.ActiveCfg = Release|Any CPU
		{7D56B90D-F4F7-4548-AFA2-62C654F6C5D0}.Release|Any CPU.Build.0 = Release|Any CPU
		{48C5FB7A-A72D-4A65-856A-D9EFCF465FAF}.Debug|Any CPU.ActiveCfg = Debug|Any CPU
		{48C5FB7A-A72D-4A65-856A-D9EFCF465FAF}.Debug|Any CPU.Build.0 = Debug|Any CPU
		{48C5FB7A-A72D-4A65-856A-D9EFCF465FAF}.Release|Any CPU.ActiveCfg = Release|Any CPU
		{48C5FB7A-A72D-4A65-856A-D9EFCF465FAF}.Release|Any CPU.Build.0 = Release|Any CPU
		{B9C2909D-B9F2-41A9-841C-0832921055A5}.Debug|Any CPU.ActiveCfg = Debug|Any CPU
		{B9C2909D-B9F2-41A9-841C-0832921055A5}.Debug|Any CPU.Build.0 = Debug|Any CPU
		{B9C2909D-B9F2-41A9-841C-0832921055A5}.Release|Any CPU.ActiveCfg = Release|Any CPU
		{B9C2909D-B9F2-41A9-841C-0832921055A5}.Release|Any CPU.Build.0 = Release|Any CPU
		{6F3FDE84-2215-4D93-95BB-C9C711577843}.Debug|Any CPU.ActiveCfg = Debug|Any CPU
		{6F3FDE84-2215-4D93-95BB-C9C711577843}.Debug|Any CPU.Build.0 = Debug|Any CPU
		{6F3FDE84-2215-4D93-95BB-C9C711577843}.Release|Any CPU.ActiveCfg = Release|Any CPU
		{6F3FDE84-2215-4D93-95BB-C9C711577843}.Release|Any CPU.Build.0 = Release|Any CPU
		{B0D8D9AA-8C81-4277-BDEB-9A91C5938425}.Debug|Any CPU.ActiveCfg = Debug|Any CPU
		{B0D8D9AA-8C81-4277-BDEB-9A91C5938425}.Debug|Any CPU.Build.0 = Debug|Any CPU
		{B0D8D9AA-8C81-4277-BDEB-9A91C5938425}.Release|Any CPU.ActiveCfg = Release|Any CPU
		{B0D8D9AA-8C81-4277-BDEB-9A91C5938425}.Release|Any CPU.Build.0 = Release|Any CPU
		{D5DF4148-AF2F-4619-9BC2-E188AAE8A3D7}.Debug|Any CPU.ActiveCfg = Debug|Any CPU
		{D5DF4148-AF2F-4619-9BC2-E188AAE8A3D7}.Debug|Any CPU.Build.0 = Debug|Any CPU
		{D5DF4148-AF2F-4619-9BC2-E188AAE8A3D7}.Release|Any CPU.ActiveCfg = Release|Any CPU
		{D5DF4148-AF2F-4619-9BC2-E188AAE8A3D7}.Release|Any CPU.Build.0 = Release|Any CPU
	EndGlobalSection
	GlobalSection(SolutionProperties) = preSolution
		HideSolutionNode = FALSE
	EndGlobalSection
	GlobalSection(NestedProjects) = preSolution
		{6B9A64CD-ADEE-4D28-BEA5-3BEAFEB5303A} = {7358273B-8494-40A2-996C-059C1D6583BE}
		{BB13E3D6-A65E-4E68-A677-DA38D4270FF2} = {7358273B-8494-40A2-996C-059C1D6583BE}
		{2F0F4A44-FE6D-4C13-AA7E-256ECBF24A85} = {7358273B-8494-40A2-996C-059C1D6583BE}
		{6C6B7602-4084-4A81-A4EF-19B95B86BB90} = {7F658035-5519-4A51-97C9-A2E76C6909B7}
		{214459C6-079E-42F9-B96E-C63B6481A611} = {7F658035-5519-4A51-97C9-A2E76C6909B7}
		{CA4163D3-F74B-4804-8FC8-6087CF83A0E6} = {7F658035-5519-4A51-97C9-A2E76C6909B7}
		{3C121912-344C-4EA0-A27F-A55116AD99D0} = {B2891805-C353-4B50-8FE9-F656284C6AE7}
		{8AADC704-83CD-44F3-A71A-4CCBE0D32A8E} = {B2891805-C353-4B50-8FE9-F656284C6AE7}
		{0DD61CDF-4555-4FBE-8891-65C6275436FE} = {B2891805-C353-4B50-8FE9-F656284C6AE7}
		{2FA408F6-3288-46D6-8DBB-4894504AB214} = {DD60C445-0CD4-423C-BB5D-FB7047817505}
		{91F338C4-73B5-4A3A-940A-01E8B4F2A855} = {DD60C445-0CD4-423C-BB5D-FB7047817505}
		{8C8798E0-EECC-4E1B-9E09-1B45384DF684} = {DD60C445-0CD4-423C-BB5D-FB7047817505}
		{7B09F517-8B38-4BCC-90A1-8DAFBBD2C8C1} = {DDA56ED1-D682-4854-8227-5F04F867E4FF}
		{E2304047-96FB-450A-8625-400E139E0DED} = {DDA56ED1-D682-4854-8227-5F04F867E4FF}
		{9E71888B-581F-4465-9107-09202C512AB9} = {DDA56ED1-D682-4854-8227-5F04F867E4FF}
		{7D56B90D-F4F7-4548-AFA2-62C654F6C5D0} = {5AC72700-86D6-4F4E-A7F2-6EB3424D3DB0}
		{48C5FB7A-A72D-4A65-856A-D9EFCF465FAF} = {5AC72700-86D6-4F4E-A7F2-6EB3424D3DB0}
		{B9C2909D-B9F2-41A9-841C-0832921055A5} = {5AC72700-86D6-4F4E-A7F2-6EB3424D3DB0}
		{6F3FDE84-2215-4D93-95BB-C9C711577843} = {61E9A9CE-72FB-4101-A5C4-BCBAD4ABBAD7}
		{B0D8D9AA-8C81-4277-BDEB-9A91C5938425} = {61E9A9CE-72FB-4101-A5C4-BCBAD4ABBAD7}
		{D5DF4148-AF2F-4619-9BC2-E188AAE8A3D7} = {61E9A9CE-72FB-4101-A5C4-BCBAD4ABBAD7}
	EndGlobalSection
	GlobalSection(ExtensibilityGlobals) = postSolution
		SolutionGuid = {46D1609C-C7B0-4DDE-A89D-059CE1BF01E5}
	EndGlobalSection
EndGlobal
